
Microsoft Visual Studio Solution File, Format Version 12.00
# Visual Studio Version 17
VisualStudioVersion = 17.8.34330.188
MinimumVisualStudioVersion = 10.0.40219.1
Project("{9A19103F-16F7-4668-BE54-9A1E7A4F7556}") = "FelipeApiDapperTemplate.API", "FelipeApiDapperTemplate.API\FelipeApiDapperTemplate.API.csproj", "{4DC6BAFA-5D0B-4850-A02A-85F6DE4F19BB}"
EndProject
Project("{9A19103F-16F7-4668-BE54-9A1E7A4F7556}") = "FelipeApiDapperTemplate.Domain", "FelipeApiDapperTemplate.Domain\FelipeApiDapperTemplate.Domain.csproj", "{8CAFCDC6-7969-40C0-B555-B50265C6AFEA}"
EndProject
Project("{9A19103F-16F7-4668-BE54-9A1E7A4F7556}") = "FelipeApiDapperTemplate.Infrastructure", "FelipeApiDapperTemplate.Infrastructure\FelipeApiDapperTemplate.Infrastructure.csproj", "{BE04DA3D-05B9-4E27-92D2-1FA9958B72BB}"
EndProject
Project("{9A19103F-16F7-4668-BE54-9A1E7A4F7556}") = "FelipeApiDapperTemplate.Application", "FelipeApiDapperTemplate.Application\FelipeApiDapperTemplate.Application.csproj", "{14DB6C9E-4B1D-49E1-BB8E-C0EA27277F91}"
EndProject
Project("{9A19103F-16F7-4668-BE54-9A1E7A4F7556}") = "FelipeApiDapperTemplate.Tests", "FelipeApiDapperTemplate.Tests\FelipeApiDapperTemplate.Tests.csproj", "{38D21B4E-40DF-4D34-8426-BB0FC85A7C77}"
EndProject
Global
	GlobalSection(SolutionConfigurationPlatforms) = preSolution
		Debug|Any CPU = Debug|Any CPU
		Release|Any CPU = Release|Any CPU
	EndGlobalSection
	GlobalSection(ProjectConfigurationPlatforms) = postSolution
		{4DC6BAFA-5D0B-4850-A02A-85F6DE4F19BB}.Debug|Any CPU.ActiveCfg = Debug|Any CPU
		{4DC6BAFA-5D0B-4850-A02A-85F6DE4F19BB}.Debug|Any CPU.Build.0 = Debug|Any CPU
		{4DC6BAFA-5D0B-4850-A02A-85F6DE4F19BB}.Release|Any CPU.ActiveCfg = Release|Any CPU
		{4DC6BAFA-5D0B-4850-A02A-85F6DE4F19BB}.Release|Any CPU.Build.0 = Release|Any CPU
		{8CAFCDC6-7969-40C0-B555-B50265C6AFEA}.Debug|Any CPU.ActiveCfg = Debug|Any CPU
		{8CAFCDC6-7969-40C0-B555-B50265C6AFEA}.Debug|Any CPU.Build.0 = Debug|Any CPU
		{8CAFCDC6-7969-40C0-B555-B50265C6AFEA}.Release|Any CPU.ActiveCfg = Release|Any CPU
		{8CAFCDC6-7969-40C0-B555-B50265C6AFEA}.Release|Any CPU.Build.0 = Release|Any CPU
		{BE04DA3D-05B9-4E27-92D2-1FA9958B72BB}.Debug|Any CPU.ActiveCfg = Debug|Any CPU
		{BE04DA3D-05B9-4E27-92D2-1FA9958B72BB}.Debug|Any CPU.Build.0 = Debug|Any CPU
		{BE04DA3D-05B9-4E27-92D2-1FA9958B72BB}.Release|Any CPU.ActiveCfg = Release|Any CPU
		{BE04DA3D-05B9-4E27-92D2-1FA9958B72BB}.Release|Any CPU.Build.0 = Release|Any CPU
		{14DB6C9E-4B1D-49E1-BB8E-C0EA27277F91}.Debug|Any CPU.ActiveCfg = Debug|Any CPU
		{14DB6C9E-4B1D-49E1-BB8E-C0EA27277F91}.Debug|Any CPU.Build.0 = Debug|Any CPU
		{14DB6C9E-4B1D-49E1-BB8E-C0EA27277F91}.Release|Any CPU.ActiveCfg = Release|Any CPU
		{14DB6C9E-4B1D-49E1-BB8E-C0EA27277F91}.Release|Any CPU.Build.0 = Release|Any CPU
		{38D21B4E-40DF-4D34-8426-BB0FC85A7C77}.Debug|Any CPU.ActiveCfg = Debug|Any CPU
		{38D21B4E-40DF-4D34-8426-BB0FC85A7C77}.Debug|Any CPU.Build.0 = Debug|Any CPU
		{38D21B4E-40DF-4D34-8426-BB0FC85A7C77}.Release|Any CPU.ActiveCfg = Release|Any CPU
		{38D21B4E-40DF-4D34-8426-BB0FC85A7C77}.Release|Any CPU.Build.0 = Release|Any CPU
	EndGlobalSection
	GlobalSection(SolutionProperties) = preSolution
		HideSolutionNode = FALSE
	EndGlobalSection
	GlobalSection(ExtensibilityGlobals) = postSolution
		SolutionGuid = {7625EA5B-5D89-42B6-8951-5B0847291A24}
	EndGlobalSection
EndGlobal
